hash: ea9b5d6916045a049da0a63d3038539caddad9b3a39ee71bc90f193f5e52b4e5
updated: 2016-09-29T16:37:44.87319185+08:00
imports:
- name: github.com/codegangsta/cli
  version: d53eb991652b1d438abdd34ce4bfa3ef1539108e
- name: github.com/go-macaron/csrf
  version: 6a9a7df172cc1fcd81e4585f44b09200b6087cc0
- name: github.com/go-macaron/inject
  version: d8a0b8677191f4380287cfebd08e462217bac7ad
- name: github.com/go-macaron/pongo2
  version: b9b1ee57954e1242dae72eb28ba078e04f6c9284
- name: github.com/go-macaron/session
  version: 66031fcb37a0fff002a1f028eb0b3a815c78306b
- name: github.com/jinzhu/gorm
  version: 5174cc5c242a728b435ea2be8a2f7f998e15429b
  subpackages:
  - dialects/sqlite
- name: github.com/jinzhu/inflection
  version: 74387dc39a75e970e7a3ae6a3386b5bd2e5c5cff
- name: github.com/mattn/go-sqlite3
  version: 4b0af852c17164dce48e6754e3094c55192e4934
- name: github.com/Sirupsen/logrus
  version: 3ec0642a7fb6488f65b06f9040adc67e3990296a
- name: github.com/Unknwon/com
  version: 28b053d5a2923b87ce8c5a08f3af779894a72758
- name: golang.org/x/crypto
  version: 7ac97ebec9cb7ab8b44b571f6ec4cee333dc4309
  subpackages:
  - bcrypt
  - blowfish
- name: golang.org/x/sys
  version: 8f0908ab3b2457e2e15403d3697c9ef5cb4b57a9
  subpackages:
  - unix
- name: gopkg.in/flosch/pongo2.v3
  version: 5e81b817a0c48c1c57cdf1a9056cf76bdee02ca9
- name: gopkg.in/ini.v1
  version: 6e4869b434bd001f6983749881c7ead3545887d8
- name: gopkg.in/macaron.v1
  version: 4974334b10dbb6f5c0e17f4c10555ff050a16329
testImports: []
